
Microsoft Visual Studio Solution File, Format Version 12.00
# Visual Studio Version 16
VisualStudioVersion = 16.0.30717.126
MinimumVisualStudioVersion = 10.0.40219.1
Project("{9092AA53-FB77-4645-B42D-1CCCA6BD08BD}") = "WebComApi", "WebComApi\WebComApi.njsproj", "{3CFA126B-1543-428C-8BC6-94CD1C3C8306}"
EndProject
Global
	GlobalSection(SolutionConfigurationPlatforms) = preSolution
		Debug|Any CPU = Debug|Any CPU
		Release|Any CPU = Release|Any CPU
	EndGlobalSection
	GlobalSection(ProjectConfigurationPlatforms) = postSolution
		{3CFA126B-1543-428C-8BC6-94CD1C3C8306}.Debug|Any CPU.ActiveCfg = Debug|Any CPU
		{3CFA126B-1543-428C-8BC6-94CD1C3C8306}.Debug|Any CPU.Build.0 = Debug|Any CPU
		{3CFA126B-1543-428C-8BC6-94CD1C3C8306}.Release|Any CPU.ActiveCfg = Release|Any CPU
		{3CFA126B-1543-428C-8BC6-94CD1C3C8306}.Release|Any CPU.Build.0 = Release|Any CPU
	EndGlobalSection
	GlobalSection(SolutionProperties) = preSolution
		HideSolutionNode = FALSE
	EndGlobalSection
	GlobalSection(ExtensibilityGlobals) = postSolution
		SolutionGuid = {18361CDE-5C79-4506-A287-7D2FB018F765}
	EndGlobalSection
EndGlobal
